Microsoft Visual Studio Solution File, Format Version 8.00
Project("{FAE04EC0-301F-11D3-BF4B-00C04F79EFBC}") = "Slickr", "Slickr.csproj", "{E69CCDEB-418E-4096-BBE6-646AE31538BA}"
	ProjectSection(ProjectDependencies) = postProject
	EndProjectSection
EndProject
Project("{FAE04EC0-301F-11D3-BF4B-00C04F79EFBC}") = "SlickrConsole", "..\SlickrConsole\SlickrConsole.csproj", "{05AEB460-E579-4DBE-9DBD-EF064F433690}"
	ProjectSection(ProjectDependencies) = postProject
	EndProjectSection
EndProject
Project("{FAE04EC0-301F-11D3-BF4B-00C04F79EFBC}") = "ScreenSaver", "..\ScreenSaver\ScreenSaver.csproj", "{E48991F2-7759-4EE7-9D7B-314AFE169818}"
	ProjectSection(ProjectDependencies) = postProject
	EndProjectSection
EndProject
Project("{FAE04EC0-301F-11D3-BF4B-00C04F79EFBC}") = "SlickrMediaCenter", "..\SlickrMediaCenter\SlickrMediaCenter.csproj", "{CCCFB994-98FF-4894-A571-945FAFDD12AE}"
	ProjectSection(ProjectDependencies) = postProject
	EndProjectSection
EndProject
Global
	GlobalSection(SolutionConfiguration) = preSolution
		Debug = Debug
		Release = Release
	EndGlobalSection
	GlobalSection(ProjectConfiguration) = postSolution
		{E69CCDEB-418E-4096-BBE6-646AE31538BA}.Debug.ActiveCfg = Debug|.NET
		{E69CCDEB-418E-4096-BBE6-646AE31538BA}.Debug.Build.0 = Debug|.NET
		{E69CCDEB-418E-4096-BBE6-646AE31538BA}.Release.ActiveCfg = Release|.NET
		{E69CCDEB-418E-4096-BBE6-646AE31538BA}.Release.Build.0 = Release|.NET
		{05AEB460-E579-4DBE-9DBD-EF064F433690}.Debug.ActiveCfg = Debug|.NET
		{05AEB460-E579-4DBE-9DBD-EF064F433690}.Debug.Build.0 = Debug|.NET
		{05AEB460-E579-4DBE-9DBD-EF064F433690}.Release.ActiveCfg = Release|.NET
		{05AEB460-E579-4DBE-9DBD-EF064F433690}.Release.Build.0 = Release|.NET
		{E48991F2-7759-4EE7-9D7B-314AFE169818}.Debug.ActiveCfg = Debug|.NET
		{E48991F2-7759-4EE7-9D7B-314AFE169818}.Debug.Build.0 = Debug|.NET
		{E48991F2-7759-4EE7-9D7B-314AFE169818}.Release.ActiveCfg = Release|.NET
		{E48991F2-7759-4EE7-9D7B-314AFE169818}.Release.Build.0 = Release|.NET
		{CCCFB994-98FF-4894-A571-945FAFDD12AE}.Debug.ActiveCfg = Debug|.NET
		{CCCFB994-98FF-4894-A571-945FAFDD12AE}.Debug.Build.0 = Debug|.NET
		{CCCFB994-98FF-4894-A571-945FAFDD12AE}.Release.ActiveCfg = Release|.NET
		{CCCFB994-98FF-4894-A571-945FAFDD12AE}.Release.Build.0 = Release|.NET
	EndGlobalSection
	GlobalSection(ExtensibilityGlobals) = postSolution
	EndGlobalSection
	GlobalSection(ExtensibilityAddIns) = postSolution
	EndGlobalSection
EndGlobal
